// !$*UTF8*$!
{
	archiveVersion = 1;
	classes = {
	};
	objectVersion = 77;
	objects = {

/* Begin PBXBuildFile section */
		0AD377842FDAD6EF00DE95CB /* Presentation.framework in Frameworks */ = {isa = PBXBuildFile; fileRef = 0AD3777E2FDAD6EF00DE95CB /* Presentation.framework */; };
		0AD377952FDAD70100DE95CB /* Domain.framework in Frameworks */ = {isa = PBXBuildFile; fileRef = 0AD3778F2FDAD70100DE95CB /* Domain.framework */; };
		0AD377A52FDAD70F00DE95CB /* Data.framework in Frameworks */ = {isa = PBXBuildFile; fileRef = 0AD3779F2FDAD70F00DE95CB /* Data.framework */; };
		0AD377B52FDAD74500DE95CB /* API.framework in Frameworks */ = {isa = PBXBuildFile; fileRef = 0AD377AF2FDAD74500DE95CB /* API.framework */; };
		0AD377C32FDAD96A00DE95CB /* Domain.framework in Frameworks */ = {isa = PBXBuildFile; fileRef = 0AD3778F2FDAD70100DE95CB /* Domain.framework */; };
		0AD377C82FDAD97100DE95CB /* Domain.framework in Frameworks */ = {isa = PBXBuildFile; fileRef = 0AD3778F2FDAD70100DE95CB /* Domain.framework */; };
		0AD377CD2FDAD99500DE95CB /* Data.framework in Frameworks */ = {isa = PBXBuildFile; fileRef = 0AD3779F2FDAD70F00DE95CB /* Data.framework */; };
		0AD377D12FDAD99500DE95CB /* Domain.framework in Frameworks */ = {isa = PBXBuildFile; fileRef = 0AD3778F2FDAD70100DE95CB /* Domain.framework */; };
		0AD377D52FDAD99500DE95CB /* Presentation.framework in Frameworks */ = {isa = PBXBuildFile; fileRef = 0AD3777E2FDAD6EF00DE95CB /* Presentation.framework */; };
/* End PBXBuildFile section */

/* Begin PBXContainerItemProxy section */
		0AD377822FDAD6EF00DE95CB /* PBXContainerItemProxy */ = {
			isa = PBXContainerItemProxy;
			containerPortal = 0AC4B0BF2FD944D70019997A /* Project object */;
			proxyType = 1;
			remoteGlobalIDString = 0AD3777D2FDAD6EF00DE95CB;
			remoteInfo = Presentation;
		};
		0AD377932FDAD70100DE95CB /* PBXContainerItemProxy */ = {
			isa = PBXContainerItemProxy;
			containerPortal = 0AC4B0BF2FD944D70019997A /* Project object */;
			proxyType = 1;
			remoteGlobalIDString = 0AD3778E2FDAD70100DE95CB;
			remoteInfo = Domain;
		};
		0AD377A32FDAD70F00DE95CB /* PBXContainerItemProxy */ = {
			isa = PBXContainerItemProxy;
			containerPortal = 0AC4B0BF2FD944D70019997A /* Project object */;
			proxyType = 1;
			remoteGlobalIDString = 0AD3779E2FDAD70F00DE95CB;
			remoteInfo = Data;
		};
		0AD377B32FDAD74500DE95CB /* PBXContainerItemProxy */ = {
			isa = PBXContainerItemProxy;
			containerPortal = 0AC4B0BF2FD944D70019997A /* Project object */;
			proxyType = 1;
			remoteGlobalIDString = 0AD377AE2FDAD74500DE95CB;
			remoteInfo = API;
		};
		0AD377C52FDAD96A00DE95CB /* PBXContainerItemProxy */ = {
			isa = PBXContainerItemProxy;
			containerPortal = 0AC4B0BF2FD944D70019997A /* Project object */;
			proxyType = 1;
			remoteGlobalIDString = 0AD3778E2FDAD70100DE95CB;
			remoteInfo = Domain;
		};
		0AD377CA2FDAD97200DE95CB /* PBXContainerItemProxy */ = {
			isa = PBXContainerItemProxy;
			containerPortal = 0AC4B0BF2FD944D70019997A /* Project object */;
			proxyType = 1;
			remoteGlobalIDString = 0AD3778E2FDAD70100DE95CB;
			remoteInfo = Domain;
		};
		0AD377CF2FDAD99500DE95CB /* PBXContainerItemProxy */ = {
			isa = PBXContainerItemProxy;
			containerPortal = 0AC4B0BF2FD944D70019997A /* Project object */;
			proxyType = 1;
			remoteGlobalIDString = 0AD3779E2FDAD70F00DE95CB;
			remoteInfo = Data;
		};
		0AD377D32FDAD99500DE95CB /* PBXContainerItemProxy */ = {
			isa = PBXContainerItemProxy;
			containerPortal = 0AC4B0BF2FD944D70019997A /* Project object */;
			proxyType = 1;
			remoteGlobalIDString = 0AD3778E2FDAD70100DE95CB;
			remoteInfo = Domain;
		};
		0AD377D72FDAD99500DE95CB /* PBXContainerItemProxy */ = {
			isa = PBXContainerItemProxy;
			containerPortal = 0AC4B0BF2FD944D70019997A /* Project object */;
			proxyType = 1;
			remoteGlobalIDString = 0AD3777D2FDAD6EF00DE95CB;
			remoteInfo = Presentation;
		};
/* End PBXContainerItemProxy section */

/* Begin PBXFileReference section */
		0AC4B0C72FD944D70019997A /* MoviesApp.app */ = {isa = PBXFileReference; explicitFileType = wrapper.application; includeInIndex = 0; path = MoviesApp.app; sourceTree = BUILT_PRODUCTS_DIR; };
		0AD3777E2FDAD6EF00DE95CB /* Presentation.framework */ = {isa = PBXFileReference; explicitFileType = wrapper.framework; includeInIndex = 0; path = Presentation.framework; sourceTree = BUILT_PRODUCTS_DIR; };
		0AD3778F2FDAD70100DE95CB /* Domain.framework */ = {isa = PBXFileReference; explicitFileType = wrapper.framework; includeInIndex = 0; path = Domain.framework; sourceTree = BUILT_PRODUCTS_DIR; };
		0AD3779F2FDAD70F00DE95CB /* Data.framework */ = {isa = PBXFileReference; explicitFileType = wrapper.framework; includeInIndex = 0; path = Data.framework; sourceTree = BUILT_PRODUCTS_DIR; };
		0AD377AF2FDAD74500DE95CB /* API.framework */ = {isa = PBXFileReference; explicitFileType = wrapper.framework; includeInIndex = 0; path = API.framework; sourceTree = BUILT_PRODUCTS_DIR; };
/* End PBXFileReference section */

/* Begin PBXFileSystemSynchronizedBuildFileExceptionSet section */
		0AD377BA2FDAD77A00DE95CB /* Exceptions for "API" folder in "MoviesApp" target */ = {
			isa = PBXFileSystemSynchronizedBuildFileExceptionSet;
			membershipExceptions = (
				Common/DIContainerTest.swift,
				Targets/TestFile.swift,
			);
			target = 0AC4B0C62FD944D70019997A /* MoviesApp */;
		};
		0AD377BC2FDAD78300DE95CB /* Exceptions for "Data" folder in "MoviesApp" target */ = {
			isa = PBXFileSystemSynchronizedBuildFileExceptionSet;
			membershipExceptions = (
				Common/Screen/Home/DataSource/DataSourceTest.swift,
				"Common/Screen/Home/DI/HomeInjection+DataTest.swift",
				Common/Screen/Home/DTO/DTOTest.swift,
				Common/Screen/Home/Mapper/HomeMapperTest.swift,
				Common/Screen/Home/Repository/HomeRepositoryTest.swift,
			);
			target = 0AC4B0C62FD944D70019997A /* MoviesApp */;
		};
		0AD377BE2FDAD7AE00DE95CB /* Exceptions for "Domain" folder in "MoviesApp" target */ = {
			isa = PBXFileSystemSynchronizedBuildFileExceptionSet;
			membershipExceptions = (
				Common/Entities/MovieModelTest.swift,
				Common/Screen/Home/DI/DomainHomeDITest.swift,
				Common/Screen/Home/UseCases/FetchMoviesUseCaseTest.swift,
				Common/Screen/Home/UseCases/FilterMoviesUseCaseTest.swift,
			);
			target = 0AC4B0C62FD944D70019997A /* MoviesApp */;
		};
		0AD377C02FDAD7B500DE95CB /* Exceptions for "Presentation" folder in "MoviesApp" target */ = {
			isa = PBXFileSystemSynchronizedBuildFileExceptionSet;
			membershipExceptions = (
				Common/DI/InjectionTest.swift,
				Common/Screen/Favorites/DI/FavoritesDITest.swift,
				Common/Screen/Favorites/Factory/FavoritesFactoryTest.swift,
				Common/Screen/Favorites/Router/FavoritesRouterTest.swift,
				Common/Screen/Favorites/View/FavoritesViewTest.swift,
				Common/Screen/Favorites/ViewModel/FavoritesViewModelTest.swift,
				Common/Screen/Home/DI/HomeDITest.swift,
				Common/Screen/Home/Factory/HomeFactoryTest.swift,
				Common/Screen/Home/Router/HomeRouterTest.swift,
				Common/Screen/Home/View/HomeViewTest.swift,
				Common/Screen/Home/ViewModel/HomeViewModelTest.swift,
				Common/Screen/MovieDetails/DI/MovieDetailsDITest.swift,
				Common/Screen/MovieDetails/Factory/MovieDetailsFactoryTest.swift,
				Common/Screen/MovieDetails/Router/MovieDetailsRouterTest.swift,
				Common/Screen/MovieDetails/View/MovieDetailsViewTest.swift,
				Common/Screen/MovieDetails/ViewModel/MovieDetailsViewModelTest.swift,
				Common/Screen/VideoPlayer/DI/VideoPlayerDITest.swift,
				Common/Screen/VideoPlayer/Factory/VideoPlayerFactoryTest.swift,
				Common/Screen/VideoPlayer/Router/VideoPlayerRouterTest.swift,
				Common/Screen/VideoPlayer/View/VideoPlayerViewTest.swift,
				Common/Screen/VideoPlayer/ViewModel/VideoPlayerViewModelTest.swift,
			);
			target = 0AC4B0C62FD944D70019997A /* MoviesApp */;
		};
/* End PBXFileSystemSynchronizedBuildFileExceptionSet section */

/* Begin PBXFileSystemSynchronizedRootGroup section */
		0AC4B0C92FD944D70019997A /* MoviesApp */ = {
			isa = PBXFileSystemSynchronizedRootGroup;
			path = MoviesApp;
			sourceTree = "<group>";
		};
		0AD3777F2FDAD6EF00DE95CB /* Presentation */ = {
			isa = PBXFileSystemSynchronizedRootGroup;
			exceptions = (
				0AD377C02FDAD7B500DE95CB /* Exceptions for "Presentation" folder in "MoviesApp" target */,
			);
			path = Presentation;
			sourceTree = "<group>";
		};
		0AD377902FDAD70100DE95CB /* Domain */ = {
			isa = PBXFileSystemSynchronizedRootGroup;
			exceptions = (
				0AD377BE2FDAD7AE00DE95CB /* Exceptions for "Domain" folder in "MoviesApp" target */,
			);
			path = Domain;
			sourceTree = "<group>";
		};
		0AD377A02FDAD70F00DE95CB /* Data */ = {
			isa = PBXFileSystemSynchronizedRootGroup;
			exceptions = (
				0AD377BC2FDAD78300DE95CB /* Exceptions for "Data" folder in "MoviesApp" target */,
			);
			path = Data;
			sourceTree = "<group>";
		};
		0AD377B02FDAD74500DE95CB /* API */ = {
			isa = PBXFileSystemSynchronizedRootGroup;
			exceptions = (
				0AD377BA2FDAD77A00DE95CB /* Exceptions for "API" folder in "MoviesApp" target */,
			);
			path = API;
			sourceTree = "<group>";
		};
/* End PBXFileSystemSynchronizedRootGroup section */

/* Begin PBXFrameworksBuildPhase section */
		0AC4B0C42FD944D70019997A /* Frameworks */ = {
			isa = PBXFrameworksBuildPhase;
			buildActionMask = 2147483647;
			files = (
				0AD377A52FDAD70F00DE95CB /* Data.framework in Frameworks */,
				0AD377952FDAD70100DE95CB /* Domain.framework in Frameworks */,
				0AD377842FDAD6EF00DE95CB /* Presentation.framework in Frameworks */,
				0AD377B52FDAD74500DE95CB /* API.framework in Frameworks */,
			);
			runOnlyForDeploymentPostprocessing = 0;
		};
		0AD3777B2FDAD6EF00DE95CB /* Frameworks */ = {
			isa = PBXFrameworksBuildPhase;
			buildActionMask = 2147483647;
			files = (
				0AD377C32FDAD96A00DE95CB /* Domain.framework in Frameworks */,
			);
			runOnlyForDeploymentPostprocessing = 0;
		};
		0AD3778C2FDAD70100DE95CB /* Frameworks */ = {
			isa = PBXFrameworksBuildPhase;
			buildActionMask = 2147483647;
			files = (
			);
			runOnlyForDeploymentPostprocessing = 0;
		};
		0AD3779C2FDAD70F00DE95CB /* Frameworks */ = {
			isa = PBXFrameworksBuildPhase;
			buildActionMask = 2147483647;
			files = (
				0AD377C82FDAD97100DE95CB /* Domain.framework in Frameworks */,
			);
			runOnlyForDeploymentPostprocessing = 0;
		};
		0AD377AC2FDAD74500DE95CB /* Frameworks */ = {
			isa = PBXFrameworksBuildPhase;
			buildActionMask = 2147483647;
			files = (
				0AD377D12FDAD99500DE95CB /* Domain.framework in Frameworks */,
				0AD377CD2FDAD99500DE95CB /* Data.framework in Frameworks */,
				0AD377D52FDAD99500DE95CB /* Presentation.framework in Frameworks */,
			);
			runOnlyForDeploymentPostprocessing = 0;
		};
/* End PBXFrameworksBuildPhase section */

/* Begin PBXGroup section */
		0AC4B0BE2FD944D70019997A = {
			isa = PBXGroup;
			children = (
				0AC4B0C92FD944D70019997A /* MoviesApp */,
				0AD3777F2FDAD6EF00DE95CB /* Presentation */,
				0AD377902FDAD70100DE95CB /* Domain */,
				0AD377A02FDAD70F00DE95CB /* Data */,
				0AD377B02FDAD74500DE95CB /* API */,
				0AC4B0C82FD944D70019997A /* Products */,
			);
			sourceTree = "<group>";
		};
		0AC4B0C82FD944D70019997A /* Products */ = {
			isa = PBXGroup;
			children = (
				0AC4B0C72FD944D70019997A /* MoviesApp.app */,
				0AD3777E2FDAD6EF00DE95CB /* Presentation.framework */,
				0AD3778F2FDAD70100DE95CB /* Domain.framework */,
				0AD3779F2FDAD70F00DE95CB /* Data.framework */,
				0AD377AF2FDAD74500DE95CB /* API.framework */,
			);
			name = Products;
			sourceTree = "<group>";
		};
/* End PBXGroup section */

/* Begin PBXHeadersBuildPhase section */
		0AD377792FDAD6EF00DE95CB /* Headers */ = {
			isa = PBXHeadersBuildPhase;
			buildActionMask = 2147483647;
			files = (
			);
			runOnlyForDeploymentPostprocessing = 0;
		};
		0AD3778A2FDAD70100DE95CB /* Headers */ = {
			isa = PBXHeadersBuildPhase;
			buildActionMask = 2147483647;
			files = (
			);
			runOnlyForDeploymentPostprocessing = 0;
		};
		0AD3779A2FDAD70F00DE95CB /* Headers */ = {
			isa = PBXHeadersBuildPhase;
			buildActionMask = 2147483647;
			files = (
			);
			runOnlyForDeploymentPostprocessing = 0;
		};
		0AD377AA2FDAD74500DE95CB /* Headers */ = {
			isa = PBXHeadersBuildPhase;
			buildActionMask = 2147483647;
			files = (
			);
			runOnlyForDeploymentPostprocessing = 0;
		};
/* End PBXHeadersBuildPhase section */

/* Begin PBXNativeTarget section */
		0AC4B0C62FD944D70019997A /* MoviesApp */ = {
			isa = PBXNativeTarget;
			buildConfigurationList = 0AC4B0D22FD944D90019997A /* Build configuration list for PBXNativeTarget "MoviesApp" */;
			buildPhases = (
				0AC4B0C32FD944D70019997A /* Sources */,
				0AC4B0C42FD944D70019997A /* Frameworks */,
				0AC4B0C52FD944D70019997A /* Resources */,
			);
			buildRules = (
			);
			dependencies = (
				0AD377832FDAD6EF00DE95CB /* PBXTargetDependency */,
				0AD377942FDAD70100DE95CB /* PBXTargetDependency */,
				0AD377A42FDAD70F00DE95CB /* PBXTargetDependency */,
				0AD377B42FDAD74500DE95CB /* PBXTargetDependency */,
			);
			fileSystemSynchronizedGroups = (
				0AC4B0C92FD944D70019997A /* MoviesApp */,
			);
			name = MoviesApp;
			packageProductDependencies = (
			);
			productName = MoviesApp;
			productReference = 0AC4B0C72FD944D70019997A /* MoviesApp.app */;
			productType = "com.apple.product-type.application";
		};
		0AD3777D2FDAD6EF00DE95CB /* Presentation */ = {
			isa = PBXNativeTarget;
			buildConfigurationList = 0AD377862FDAD6EF00DE95CB /* Build configuration list for PBXNativeTarget "Presentation" */;
			buildPhases = (
				0AD377792FDAD6EF00DE95CB /* Headers */,
				0AD3777A2FDAD6EF00DE95CB /* Sources */,
				0AD3777B2FDAD6EF00DE95CB /* Frameworks */,
				0AD3777C2FDAD6EF00DE95CB /* Resources */,
			);
			buildRules = (
			);
			dependencies = (
				0AD377C62FDAD96A00DE95CB /* PBXTargetDependency */,
			);
			fileSystemSynchronizedGroups = (
				0AD3777F2FDAD6EF00DE95CB /* Presentation */,
			);
			name = Presentation;
			packageProductDependencies = (
			);
			productName = Presentation;
			productReference = 0AD3777E2FDAD6EF00DE95CB /* Presentation.framework */;
			productType = "com.apple.product-type.framework";
		};
		0AD3778E2FDAD70100DE95CB /* Domain */ = {
			isa = PBXNativeTarget;
			buildConfigurationList = 0AD377972FDAD70100DE95CB /* Build configuration list for PBXNativeTarget "Domain" */;
			buildPhases = (
				0AD3778A2FDAD70100DE95CB /* Headers */,
				0AD3778B2FDAD70100DE95CB /* Sources */,
				0AD3778C2FDAD70100DE95CB /* Frameworks */,
				0AD3778D2FDAD70100DE95CB /* Resources */,
			);
			buildRules = (
			);
			dependencies = (
			);
			fileSystemSynchronizedGroups = (
				0AD377902FDAD70100DE95CB /* Domain */,
			);
			name = Domain;
			packageProductDependencies = (
			);
			productName = Domain;
			productReference = 0AD3778F2FDAD70100DE95CB /* Domain.framework */;
			productType = "com.apple.product-type.framework";
		};
		0AD3779E2FDAD70F00DE95CB /* Data */ = {
			isa = PBXNativeTarget;
			buildConfigurationList = 0AD377A72FDAD70F00DE95CB /* Build configuration list for PBXNativeTarget "Data" */;
			buildPhases = (
				0AD3779A2FDAD70F00DE95CB /* Headers */,
				0AD3779B2FDAD70F00DE95CB /* Sources */,
				0AD3779C2FDAD70F00DE95CB /* Frameworks */,
				0AD3779D2FDAD70F00DE95CB /* Resources */,
			);
			buildRules = (
			);
			dependencies = (
				0AD377CB2FDAD97200DE95CB /* PBXTargetDependency */,
			);
			fileSystemSynchronizedGroups = (
				0AD377A02FDAD70F00DE95CB /* Data */,
			);
			name = Data;
			packageProductDependencies = (
			);
			productName = Data;
			productReference = 0AD3779F2FDAD70F00DE95CB /* Data.framework */;
			productType = "com.apple.product-type.framework";
		};
		0AD377AE2FDAD74500DE95CB /* API */ = {
			isa = PBXNativeTarget;
			buildConfigurationList = 0AD377B72FDAD74500DE95CB /* Build configuration list for PBXNativeTarget "API" */;
			buildPhases = (
				0AD377AA2FDAD74500DE95CB /* Headers */,
				0AD377AB2FDAD74500DE95CB /* Sources */,
				0AD377AC2FDAD74500DE95CB /* Frameworks */,
				0AD377AD2FDAD74500DE95CB /* Resources */,
			);
			buildRules = (
			);
			dependencies = (
				0AD377D02FDAD99500DE95CB /* PBXTargetDependency */,
				0AD377D42FDAD99500DE95CB /* PBXTargetDependency */,
				0AD377D82FDAD99500DE95CB /* PBXTargetDependency */,
			);
			fileSystemSynchronizedGroups = (
				0AD377B02FDAD74500DE95CB /* API */,
			);
			name = API;
			packageProductDependencies = (
			);
			productName = API;
			productReference = 0AD377AF2FDAD74500DE95CB /* API.framework */;
			productType = "com.apple.product-type.framework";
		};
/* End PBXNativeTarget section */

/* Begin PBXProject section */
		0AC4B0BF2FD944D70019997A /* Project object */ = {
			isa = PBXProject;
			attributes = {
				BuildIndependentTargetsInParallel = 1;
				LastSwiftUpdateCheck = 2650;
				LastUpgradeCheck = 2650;
				TargetAttributes = {
					0AC4B0C62FD944D70019997A = {
						CreatedOnToolsVersion = 26.5;
					};
					0AD3777D2FDAD6EF00DE95CB = {
						CreatedOnToolsVersion = 26.5;
					};
					0AD3778E2FDAD70100DE95CB = {
						CreatedOnToolsVersion = 26.5;
					};
					0AD3779E2FDAD70F00DE95CB = {
						CreatedOnToolsVersion = 26.5;
					};
					0AD377AE2FDAD74500DE95CB = {
						CreatedOnToolsVersion = 26.5;
					};
				};
			};
			buildConfigurationList = 0AC4B0C22FD944D70019997A /* Build configuration list for PBXProject "MoviesApp" */;
			developmentRegion = en;
			hasScannedForEncodings = 0;
			knownRegions = (
				en,
				Base,
			);
			mainGroup = 0AC4B0BE2FD944D70019997A;
			minimizedProjectReferenceProxies = 1;
			preferredProjectObjectVersion = 77;
			productRefGroup = 0AC4B0C82FD944D70019997A /* Products */;
			projectDirPath = "";
			projectRoot = "";
			targets = (
				0AC4B0C62FD944D70019997A /* MoviesApp */,
				0AD3777D2FDAD6EF00DE95CB /* Presentation */,
				0AD3778E2FDAD70100DE95CB /* Domain */,
				0AD3779E2FDAD70F00DE95CB /* Data */,
				0AD377AE2FDAD74500DE95CB /* API */,
			);
		};
/* End PBXProject section */

/* Begin PBXResourcesBuildPhase section */
		0AC4B0C52FD944D70019997A /* Resources */ = {
			isa = PBXResourcesBuildPhase;
			buildActionMask = 2147483647;
			files = (
			);
			runOnlyForDeploymentPostprocessing = 0;
		};
		0AD3777C2FDAD6EF00DE95CB /* Resources */ = {
			isa = PBXResourcesBuildPhase;
			buildActionMask = 2147483647;
			files = (
			);
			runOnlyForDeploymentPostprocessing = 0;
		};
		0AD3778D2FDAD70100DE95CB /* Resources */ = {
			isa = PBXResourcesBuildPhase;
			buildActionMask = 2147483647;
			files = (
			);
			runOnlyForDeploymentPostprocessing = 0;
		};
		0AD3779D2FDAD70F00DE95CB /* Resources */ = {
			isa = PBXResourcesBuildPhase;
			buildActionMask = 2147483647;
			files = (
			);
			runOnlyForDeploymentPostprocessing = 0;
		};
		0AD377AD2FDAD74500DE95CB /* Resources */ = {
			isa = PBXResourcesBuildPhase;
			buildActionMask = 2147483647;
			files = (
			);
			runOnlyForDeploymentPostprocessing = 0;
		};
/* End PBXResourcesBuildPhase section */

/* Begin PBXSourcesBuildPhase section */
		0AC4B0C32FD944D70019997A /* Sources */ = {
			isa = PBXSourcesBuildPhase;
			buildActionMask = 2147483647;
			files = (
			);
			runOnlyForDeploymentPostprocessing = 0;
		};
		0AD3777A2FDAD6EF00DE95CB /* Sources */ = {
			isa = PBXSourcesBuildPhase;
			buildActionMask = 2147483647;
			files = (
			);
			runOnlyForDeploymentPostprocessing = 0;
		};
		0AD3778B2FDAD70100DE95CB /* Sources */ = {
			isa = PBXSourcesBuildPhase;
			buildActionMask = 2147483647;
			files = (
			);
			runOnlyForDeploymentPostprocessing = 0;
		};
		0AD3779B2FDAD70F00DE95CB /* Sources */ = {
			isa = PBXSourcesBuildPhase;
			buildActionMask = 2147483647;
			files = (
			);
			runOnlyForDeploymentPostprocessing = 0;
		};
		0AD377AB2FDAD74500DE95CB /* Sources */ = {
			isa = PBXSourcesBuildPhase;
			buildActionMask = 2147483647;
			files = (
			);
			runOnlyForDeploymentPostprocessing = 0;
		};
/* End PBXSourcesBuildPhase section */

/* Begin PBXTargetDependency section */
		0AD377832FDAD6EF00DE95CB /* PBXTargetDependency */ = {
			isa = PBXTargetDependency;
			target = 0AD3777D2FDAD6EF00DE95CB /* Presentation */;
			targetProxy = 0AD377822FDAD6EF00DE95CB /* PBXContainerItemProxy */;
		};
		0AD377942FDAD70100DE95CB /* PBXTargetDependency */ = {
			isa = PBXTargetDependency;
			target = 0AD3778E2FDAD70100DE95CB /* Domain */;
			targetProxy = 0AD377932FDAD70100DE95CB /* PBXContainerItemProxy */;
		};
		0AD377A42FDAD70F00DE95CB /* PBXTargetDependency */ = {
			isa = PBXTargetDependency;
			target = 0AD3779E2FDAD70F00DE95CB /* Data */;
			targetProxy = 0AD377A32FDAD70F00DE95CB /* PBXContainerItemProxy */;
		};
		0AD377B42FDAD74500DE95CB /* PBXTargetDependency */ = {
			isa = PBXTargetDependency;
			target = 0AD377AE2FDAD74500DE95CB /* API */;
			targetProxy = 0AD377B32FDAD74500DE95CB /* PBXContainerItemProxy */;
		};
		0AD377C62FDAD96A00DE95CB /* PBXTargetDependency */ = {
			isa = PBXTargetDependency;
			target = 0AD3778E2FDAD70100DE95CB /* Domain */;
			targetProxy = 0AD377C52FDAD96A00DE95CB /* PBXContainerItemProxy */;
		};
		0AD377CB2FDAD97200DE95CB /* PBXTargetDependency */ = {
			isa = PBXTargetDependency;
			target = 0AD3778E2FDAD70100DE95CB /* Domain */;
			targetProxy = 0AD377CA2FDAD97200DE95CB /* PBXContainerItemProxy */;
		};
		0AD377D02FDAD99500DE95CB /* PBXTargetDependency */ = {
			isa = PBXTargetDependency;
			target = 0AD3779E2FDAD70F00DE95CB /* Data */;
			targetProxy = 0AD377CF2FDAD99500DE95CB /* PBXContainerItemProxy */;
		};
		0AD377D42FDAD99500DE95CB /* PBXTargetDependency */ = {
			isa = PBXTargetDependency;
			target = 0AD3778E2FDAD70100DE95CB /* Domain */;
			targetProxy = 0AD377D32FDAD99500DE95CB /* PBXContainerItemProxy */;
		};
		0AD377D82FDAD99500DE95CB /* PBXTargetDependency */ = {
			isa = PBXTargetDependency;
			target = 0AD3777D2FDAD6EF00DE95CB /* Presentation */;
			targetProxy = 0AD377D72FDAD99500DE95CB /* PBXContainerItemProxy */;
		};
/* End PBXTargetDependency section */

/* Begin XCBuildConfiguration section */
		0AC4B0D02FD944D90019997A /* Debug */ = {
			isa = XCBuildConfiguration;
			buildSettings = {
				ALWAYS_SEARCH_USER_PATHS = NO;
				ASSETCATALOG_COMPILER_GENERATE_SWIFT_ASSET_SYMBOL_EXTENSIONS = YES;
				CLANG_ANALYZER_NONNULL = YES;
				CLANG_ANALYZER_NUMBER_OBJECT_CONVERSION = YES_AGGRESSIVE;
				CLANG_CXX_LANGUAGE_STANDARD = "gnu++20";
				CLANG_ENABLE_MODULES = YES;
				CLANG_ENABLE_OBJC_ARC = YES;
				CLANG_ENABLE_OBJC_WEAK = YES;
				CLANG_WARN_BLOCK_CAPTURE_AUTORELEASING = YES;
				CLANG_WARN_BOOL_CONVERSION = YES;
				CLANG_WARN_COMMA = YES;
				CLANG_WARN_CONSTANT_CONVERSION = YES;
				CLANG_WARN_DEPRECATED_OBJC_IMPLEMENTATIONS = YES;
				CLANG_WARN_DIRECT_OBJC_ISA_USAGE = YES_ERROR;
				CLANG_WARN_DOCUMENTATION_COMMENTS = YES;
				CLANG_WARN_EMPTY_BODY = YES;
				CLANG_WARN_ENUM_CONVERSION = YES;
				CLANG_WARN_INFINITE_RECURSION = YES;
				CLANG_WARN_INT_CONVERSION = YES;
				CLANG_WARN_NON_LITERAL_NULL_CONVERSION = YES;
				CLANG_WARN_OBJC_IMPLICIT_RETAIN_SELF = YES;
				CLANG_WARN_OBJC_LITERAL_CONVERSION = YES;
				CLANG_WARN_OBJC_ROOT_CLASS = YES_ERROR;
				CLANG_WARN_QUOTED_INCLUDE_IN_FRAMEWORK_HEADER = YES;
				CLANG_WARN_RANGE_LOOP_ANALYSIS = YES;
				CLANG_WARN_STRICT_PROTOTYPES = YES;
				CLANG_WARN_SUSPICIOUS_MOVE = YES;
				CLANG_WARN_UNGUARDED_AVAILABILITY = YES_AGGRESSIVE;
				CLANG_WARN_UNREACHABLE_CODE = YES;
				CLANG_WARN__DUPLICATE_METHOD_MATCH = YES;
				COPY_PHASE_STRIP = NO;
				DEBUG_INFORMATION_FORMAT = dwarf;
				DEVELOPMENT_TEAM = H739DB8DLW;
				ENABLE_STRICT_OBJC_MSGSEND = YES;
				ENABLE_TESTABILITY = YES;
				ENABLE_USER_SCRIPT_SANDBOXING = YES;
				GCC_C_LANGUAGE_STANDARD = gnu17;
				GCC_DYNAMIC_NO_PIC = NO;
				GCC_NO_COMMON_BLOCKS = YES;
				GCC_OPTIMIZATION_LEVEL = 0;
				GCC_PREPROCESSOR_DEFINITIONS = (
					"DEBUG=1",
					"$(inherited)",
				);
				GCC_WARN_64_TO_32_BIT_CONVERSION = YES;
				GCC_WARN_ABOUT_RETURN_TYPE = YES_ERROR;
				GCC_WARN_UNDECLARED_SELECTOR = YES;
				GCC_WARN_UNINITIALIZED_AUTOS = YES_AGGRESSIVE;
				GCC_WARN_UNUSED_FUNCTION = YES;
				GCC_WARN_UNUSED_VARIABLE = YES;
				LOCALIZATION_PREFERS_STRING_CATALOGS = YES;
				MTL_ENABLE_DEBUG_INFO = INCLUDE_SOURCE;
				MTL_FAST_MATH = YES;
				ONLY_ACTIVE_ARCH = YES;
				SWIFT_ACTIVE_COMPILATION_CONDITIONS = "DEBUG $(inherited)";
				SWIFT_OPTIMIZATION_LEVEL = "-Onone";
			};
			name = Debug;
		};
		0AC4B0D12FD944D90019997A /* Release */ = {
			isa = XCBuildConfiguration;
			buildSettings = {
				ALWAYS_SEARCH_USER_PATHS = NO;
				ASSETCATALOG_COMPILER_GENERATE_SWIFT_ASSET_SYMBOL_EXTENSIONS = YES;
				CLANG_ANALYZER_NONNULL = YES;
				CLANG_ANALYZER_NUMBER_OBJECT_CONVERSION = YES_AGGRESSIVE;
				CLANG_CXX_LANGUAGE_STANDARD = "gnu++20";
				CLANG_ENABLE_MODULES = YES;
				CLANG_ENABLE_OBJC_ARC = YES;
				CLANG_ENABLE_OBJC_WEAK = YES;
				CLANG_WARN_BLOCK_CAPTURE_AUTORELEASING = YES;
				CLANG_WARN_BOOL_CONVERSION = YES;
				CLANG_WARN_COMMA = YES;
				CLANG_WARN_CONSTANT_CONVERSION = YES;
				CLANG_WARN_DEPRECATED_OBJC_IMPLEMENTATIONS = YES;
				CLANG_WARN_DIRECT_OBJC_ISA_USAGE = YES_ERROR;
				CLANG_WARN_DOCUMENTATION_COMMENTS = YES;
				CLANG_WARN_EMPTY_BODY = YES;
				CLANG_WARN_ENUM_CONVERSION = YES;
				CLANG_WARN_INFINITE_RECURSION = YES;
				CLANG_WARN_INT_CONVERSION = YES;
				CLANG_WARN_NON_LITERAL_NULL_CONVERSION = YES;
				CLANG_WARN_OBJC_IMPLICIT_RETAIN_SELF = YES;
				CLANG_WARN_OBJC_LITERAL_CONVERSION = YES;
				CLANG_WARN_OBJC_ROOT_CLASS = YES_ERROR;
				CLANG_WARN_QUOTED_INCLUDE_IN_FRAMEWORK_HEADER = YES;
				CLANG_WARN_RANGE_LOOP_ANALYSIS = YES;
				CLANG_WARN_STRICT_PROTOTYPES = YES;
				CLANG_WARN_SUSPICIOUS_MOVE = YES;
				CLANG_WARN_UNGUARDED_AVAILABILITY = YES_AGGRESSIVE;
				CLANG_WARN_UNREACHABLE_CODE = YES;
				CLANG_WARN__DUPLICATE_METHOD_MATCH = YES;
				COPY_PHASE_STRIP = NO;
				DEBUG_INFORMATION_FORMAT = "dwarf-with-dsym";
				DEVELOPMENT_TEAM = H739DB8DLW;
				ENABLE_NS_ASSERTIONS = NO;
				ENABLE_STRICT_OBJC_MSGSEND = YES;
				ENABLE_USER_SCRIPT_SANDBOXING = YES;
				GCC_C_LANGUAGE_STANDARD = gnu17;
				GCC_NO_COMMON_BLOCKS = YES;
				GCC_WARN_64_TO_32_BIT_CONVERSION = YES;
				GCC_WARN_ABOUT_RETURN_TYPE = YES_ERROR;
				GCC_WARN_UNDECLARED_SELECTOR = YES;
				GCC_WARN_UNINITIALIZED_AUTOS = YES_AGGRESSIVE;
				GCC_WARN_UNUSED_FUNCTION = YES;
				GCC_WARN_UNUSED_VARIABLE = YES;
				LOCALIZATION_PREFERS_STRING_CATALOGS = YES;
				MTL_ENABLE_DEBUG_INFO = NO;
				MTL_FAST_MATH = YES;
				SWIFT_COMPILATION_MODE = wholemodule;
			};
			name = Release;
		};
		0AC4B0D32FD944D90019997A /* Debug */ = {
			isa = XCBuildConfiguration;
			buildSettings = {
				ASSETCATALOG_COMPILER_APPICON_NAME = AppIcon;
				ASSETCATALOG_COMPILER_GLOBAL_ACCENT_COLOR_NAME = AccentColor;
				CODE_SIGN_STYLE = Automatic;
				CURRENT_PROJECT_VERSION = 1;
				DEVELOPMENT_TEAM = H739DB8DLW;
				ENABLE_APP_SANDBOX = YES;
				ENABLE_HARDENED_RUNTIME = YES;
				ENABLE_PREVIEWS = YES;
				ENABLE_USER_SELECTED_FILES = readonly;
				GENERATE_INFOPLIST_FILE = YES;
				"INFOPLIST_KEY_UIApplicationSceneManifest_Generation[sdk=iphoneos*]" = YES;
				"INFOPLIST_KEY_UIApplicationSceneManifest_Generation[sdk=iphonesimulator*]" = YES;
				"INFOPLIST_KEY_UIApplicationSupportsIndirectInputEvents[sdk=iphoneos*]" = YES;
				"INFOPLIST_KEY_UIApplicationSupportsIndirectInputEvents[sdk=iphonesimulator*]" = YES;
				"INFOPLIST_KEY_UILaunchScreen_Generation[sdk=iphoneos*]" = YES;
				"INFOPLIST_KEY_UILaunchScreen_Generation[sdk=iphonesimulator*]" = YES;
				"INFOPLIST_KEY_UIStatusBarStyle[sdk=iphoneos*]" = UIStatusBarStyleDefault;
				"INFOPLIST_KEY_UIStatusBarStyle[sdk=iphonesimulator*]" = UIStatusBarStyleDefault;
				INFOPLIST_KEY_UISupportedInterfaceOrientations_iPad = "UIInterfaceOrientationPortrait UIInterfaceOrientationPortraitUpsideDown UIInterfaceOrientationLandscapeLeft UIInterfaceOrientationLandscapeRight";
				INFOPLIST_KEY_UISupportedInterfaceOrientations_iPhone = "UIInterfaceOrientationPortrait UIInterfaceOrientationLandscapeLeft UIInterfaceOrientationLandscapeRight";
				IPHONEOS_DEPLOYMENT_TARGET = 18.6;
				LD_RUNPATH_SEARCH_PATHS = "@executable_path/Frameworks";
				"LD_RUNPATH_SEARCH_PATHS[sdk=macosx*]" = "@executable_path/../Frameworks";
				MACOSX_DEPLOYMENT_TARGET = 26.5;
				MARKETING_VERSION = 1.0;
				PRODUCT_BUNDLE_IDENTIFIER = com.MoviesApp;
				PRODUCT_NAME = "$(TARGET_NAME)";
				REGISTER_APP_GROUPS = YES;
				SDKROOT = auto;
				STRING_CATALOG_GENERATE_SYMBOLS = YES;
				SUPPORTED_PLATFORMS = "iphoneos iphonesimulator macosx xros xrsimulator";
				SWIFT_APPROACHABLE_CONCURRENCY = YES;
				SWIFT_DEFAULT_ACTOR_ISOLATION = MainActor;
				SWIFT_EMIT_LOC_STRINGS = YES;
				SWIFT_UPCOMING_FEATURE_MEMBER_IMPORT_VISIBILITY = YES;
				SWIFT_VERSION = 5.0;
				TARGETED_DEVICE_FAMILY = "1,2,7";
				XROS_DEPLOYMENT_TARGET = 26.5;
			};
			name = Debug;
		};
		0AC4B0D42FD944D90019997A /* Release */ = {
			isa = XCBuildConfiguration;
			buildSettings = {
				ASSETCATALOG_COMPILER_APPICON_NAME = AppIcon;
				ASSETCATALOG_COMPILER_GLOBAL_ACCENT_COLOR_NAME = AccentColor;
				CODE_SIGN_STYLE = Automatic;
				CURRENT_PROJECT_VERSION = 1;
				DEVELOPMENT_TEAM = H739DB8DLW;
				ENABLE_APP_SANDBOX = YES;
				ENABLE_HARDENED_RUNTIME = YES;
				ENABLE_PREVIEWS = YES;
				ENABLE_USER_SELECTED_FILES = readonly;
				GENERATE_INFOPLIST_FILE = YES;
				"INFOPLIST_KEY_UIApplicationSceneManifest_Generation[sdk=iphoneos*]" = YES;
				"INFOPLIST_KEY_UIApplicationSceneManifest_Generation[sdk=iphonesimulator*]" = YES;
				"INFOPLIST_KEY_UIApplicationSupportsIndirectInputEvents[sdk=iphoneos*]" = YES;
				"INFOPLIST_KEY_UIApplicationSupportsIndirectInputEvents[sdk=iphonesimulator*]" = YES;
				"INFOPLIST_KEY_UILaunchScreen_Generation[sdk=iphoneos*]" = YES;
				"INFOPLIST_KEY_UILaunchScreen_Generation[sdk=iphonesimulator*]" = YES;
				"INFOPLIST_KEY_UIStatusBarStyle[sdk=iphoneos*]" = UIStatusBarStyleDefault;
				"INFOPLIST_KEY_UIStatusBarStyle[sdk=iphonesimulator*]" = UIStatusBarStyleDefault;
				INFOPLIST_KEY_UISupportedInterfaceOrientations_iPad = "UIInterfaceOrientationPortrait UIInterfaceOrientationPortraitUpsideDown UIInterfaceOrientationLandscapeLeft UIInterfaceOrientationLandscapeRight";
				INFOPLIST_KEY_UISupportedInterfaceOrientations_iPhone = "UIInterfaceOrientationPortrait UIInterfaceOrientationLandscapeLeft UIInterfaceOrientationLandscapeRight";
				IPHONEOS_DEPLOYMENT_TARGET = 18.6;
				LD_RUNPATH_SEARCH_PATHS = "@executable_path/Frameworks";
				"LD_RUNPATH_SEARCH_PATHS[sdk=macosx*]" = "@executable_path/../Frameworks";
				MACOSX_DEPLOYMENT_TARGET = 26.5;
				MARKETING_VERSION = 1.0;
				PRODUCT_BUNDLE_IDENTIFIER = com.MoviesApp;
				PRODUCT_NAME = "$(TARGET_NAME)";
				REGISTER_APP_GROUPS = YES;
				SDKROOT = auto;
				STRING_CATALOG_GENERATE_SYMBOLS = YES;
				SUPPORTED_PLATFORMS = "iphoneos iphonesimulator macosx xros xrsimulator";
				SWIFT_APPROACHABLE_CONCURRENCY = YES;
				SWIFT_DEFAULT_ACTOR_ISOLATION = MainActor;
				SWIFT_EMIT_LOC_STRINGS = YES;
				SWIFT_UPCOMING_FEATURE_MEMBER_IMPORT_VISIBILITY = YES;
				SWIFT_VERSION = 5.0;
				TARGETED_DEVICE_FAMILY = "1,2,7";
				XROS_DEPLOYMENT_TARGET = 26.5;
			};
			name = Release;
		};
		0AD377872FDAD6EF00DE95CB /* Debug */ = {
			isa = XCBuildConfiguration;
			buildSettings = {
				BUILD_LIBRARY_FOR_DISTRIBUTION = YES;
				CODE_SIGN_STYLE = Automatic;
				CURRENT_PROJECT_VERSION = 1;
				DEVELOPMENT_TEAM = H739DB8DLW;
				DYLIB_COMPATIBILITY_VERSION = 1;
				DYLIB_CURRENT_VERSION = 1;
				DYLIB_INSTALL_NAME_BASE = "@rpath";
				ENABLE_MODULE_VERIFIER = YES;
				GENERATE_INFOPLIST_FILE = YES;
				INFOPLIST_KEY_NSHumanReadableCopyright = "";
				INSTALL_PATH = "$(LOCAL_LIBRARY_DIR)/Frameworks";
				IPHONEOS_DEPLOYMENT_TARGET = 18.6;
				LD_RUNPATH_SEARCH_PATHS = (
					"$(inherited)",
					"@executable_path/Frameworks",
					"@loader_path/Frameworks",
				);
				MARKETING_VERSION = 1.0;
				MODULE_VERIFIER_SUPPORTED_LANGUAGES = "objective-c objective-c++";
				MODULE_VERIFIER_SUPPORTED_LANGUAGE_STANDARDS = "gnu17 gnu++20";
				PRODUCT_BUNDLE_IDENTIFIER = com.Presentation;
				PRODUCT_NAME = "$(TARGET_NAME:c99extidentifier)";
				SDKROOT = iphoneos;
				SKIP_INSTALL = YES;
				STRING_CATALOG_GENERATE_SYMBOLS = YES;
				SWIFT_APPROACHABLE_CONCURRENCY = YES;
				SWIFT_EMIT_LOC_STRINGS = YES;
				SWIFT_INSTALL_MODULE = YES;
				SWIFT_INSTALL_OBJC_HEADER = NO;
				SWIFT_UPCOMING_FEATURE_MEMBER_IMPORT_VISIBILITY = YES;
				SWIFT_VERSION = 5.0;
				TARGETED_DEVICE_FAMILY = "1,2";
				VERSIONING_SYSTEM = "apple-generic";
				VERSION_INFO_PREFIX = "";
			};
			name = Debug;
		};
		0AD377882FDAD6EF00DE95CB /* Release */ = {
			isa = XCBuildConfiguration;
			buildSettings = {
				BUILD_LIBRARY_FOR_DISTRIBUTION = YES;
				CODE_SIGN_STYLE = Automatic;
				CURRENT_PROJECT_VERSION = 1;
				DEVELOPMENT_TEAM = H739DB8DLW;
				DYLIB_COMPATIBILITY_VERSION = 1;
				DYLIB_CURRENT_VERSION = 1;
				DYLIB_INSTALL_NAME_BASE = "@rpath";
				ENABLE_MODULE_VERIFIER = YES;
				GENERATE_INFOPLIST_FILE = YES;
				INFOPLIST_KEY_NSHumanReadableCopyright = "";
				INSTALL_PATH = "$(LOCAL_LIBRARY_DIR)/Frameworks";
				IPHONEOS_DEPLOYMENT_TARGET = 18.6;
				LD_RUNPATH_SEARCH_PATHS = (
					"$(inherited)",
					"@executable_path/Frameworks",
					"@loader_path/Frameworks",
				);
				MARKETING_VERSION = 1.0;
				MODULE_VERIFIER_SUPPORTED_LANGUAGES = "objective-c objective-c++";
				MODULE_VERIFIER_SUPPORTED_LANGUAGE_STANDARDS = "gnu17 gnu++20";
				PRODUCT_BUNDLE_IDENTIFIER = com.Presentation;
				PRODUCT_NAME = "$(TARGET_NAME:c99extidentifier)";
				SDKROOT = iphoneos;
				SKIP_INSTALL = YES;
				STRING_CATALOG_GENERATE_SYMBOLS = YES;
				SWIFT_APPROACHABLE_CONCURRENCY = YES;
				SWIFT_EMIT_LOC_STRINGS = YES;
				SWIFT_INSTALL_MODULE = YES;
				SWIFT_INSTALL_OBJC_HEADER = NO;
				SWIFT_UPCOMING_FEATURE_MEMBER_IMPORT_VISIBILITY = YES;
				SWIFT_VERSION = 5.0;
				TARGETED_DEVICE_FAMILY = "1,2";
				VALIDATE_PRODUCT = YES;
				VERSIONING_SYSTEM = "apple-generic";
				VERSION_INFO_PREFIX = "";
			};
			name = Release;
		};
		0AD377982FDAD70100DE95CB /* Debug */ = {
			isa = XCBuildConfiguration;
			buildSettings = {
				BUILD_LIBRARY_FOR_DISTRIBUTION = YES;
				CODE_SIGN_STYLE = Automatic;
				CURRENT_PROJECT_VERSION = 1;
				DEVELOPMENT_TEAM = H739DB8DLW;
				DYLIB_COMPATIBILITY_VERSION = 1;
				DYLIB_CURRENT_VERSION = 1;
				DYLIB_INSTALL_NAME_BASE = "@rpath";
				ENABLE_MODULE_VERIFIER = YES;
				GENERATE_INFOPLIST_FILE = YES;
				INFOPLIST_KEY_NSHumanReadableCopyright = "";
				INSTALL_PATH = "$(LOCAL_LIBRARY_DIR)/Frameworks";
				IPHONEOS_DEPLOYMENT_TARGET = 18.6;
				LD_RUNPATH_SEARCH_PATHS = (
					"$(inherited)",
					"@executable_path/Frameworks",
					"@loader_path/Frameworks",
				);
				MARKETING_VERSION = 1.0;
				MODULE_VERIFIER_SUPPORTED_LANGUAGES = "objective-c objective-c++";
				MODULE_VERIFIER_SUPPORTED_LANGUAGE_STANDARDS = "gnu17 gnu++20";
				PRODUCT_BUNDLE_IDENTIFIER = com.Domain;
				PRODUCT_NAME = "$(TARGET_NAME:c99extidentifier)";
				SDKROOT = iphoneos;
				SKIP_INSTALL = YES;
				STRING_CATALOG_GENERATE_SYMBOLS = YES;
				SWIFT_APPROACHABLE_CONCURRENCY = YES;
				SWIFT_EMIT_LOC_STRINGS = YES;
				SWIFT_INSTALL_MODULE = YES;
				SWIFT_INSTALL_OBJC_HEADER = NO;
				SWIFT_UPCOMING_FEATURE_MEMBER_IMPORT_VISIBILITY = YES;
				SWIFT_VERSION = 5.0;
				TARGETED_DEVICE_FAMILY = "1,2";
				VERSIONING_SYSTEM = "apple-generic";
				VERSION_INFO_PREFIX = "";
			};
			name = Debug;
		};
		0AD377992FDAD70100DE95CB /* Release */ = {
			isa = XCBuildConfiguration;
			buildSettings = {
				BUILD_LIBRARY_FOR_DISTRIBUTION = YES;
				CODE_SIGN_STYLE = Automatic;
				CURRENT_PROJECT_VERSION = 1;
				DEVELOPMENT_TEAM = H739DB8DLW;
				DYLIB_COMPATIBILITY_VERSION = 1;
				DYLIB_CURRENT_VERSION = 1;
				DYLIB_INSTALL_NAME_BASE = "@rpath";
				ENABLE_MODULE_VERIFIER = YES;
				GENERATE_INFOPLIST_FILE = YES;
				INFOPLIST_KEY_NSHumanReadableCopyright = "";
				INSTALL_PATH = "$(LOCAL_LIBRARY_DIR)/Frameworks";
				IPHONEOS_DEPLOYMENT_TARGET = 18.6;
				LD_RUNPATH_SEARCH_PATHS = (
					"$(inherited)",
					"@executable_path/Frameworks",
					"@loader_path/Frameworks",
				);
				MARKETING_VERSION = 1.0;
				MODULE_VERIFIER_SUPPORTED_LANGUAGES = "objective-c objective-c++";
				MODULE_VERIFIER_SUPPORTED_LANGUAGE_STANDARDS = "gnu17 gnu++20";
				PRODUCT_BUNDLE_IDENTIFIER = com.Domain;
				PRODUCT_NAME = "$(TARGET_NAME:c99extidentifier)";
				SDKROOT = iphoneos;
				SKIP_INSTALL = YES;
				STRING_CATALOG_GENERATE_SYMBOLS = YES;
				SWIFT_APPROACHABLE_CONCURRENCY = YES;
				SWIFT_EMIT_LOC_STRINGS = YES;
				SWIFT_INSTALL_MODULE = YES;
				SWIFT_INSTALL_OBJC_HEADER = NO;
				SWIFT_UPCOMING_FEATURE_MEMBER_IMPORT_VISIBILITY = YES;
				SWIFT_VERSION = 5.0;
				TARGETED_DEVICE_FAMILY = "1,2";
				VALIDATE_PRODUCT = YES;
				VERSIONING_SYSTEM = "apple-generic";
				VERSION_INFO_PREFIX = "";
			};
			name = Release;
		};
		0AD377A82FDAD70F00DE95CB /* Debug */ = {
			isa = XCBuildConfiguration;
			buildSettings = {
				BUILD_LIBRARY_FOR_DISTRIBUTION = YES;
				CODE_SIGN_STYLE = Automatic;
				CURRENT_PROJECT_VERSION = 1;
				DEVELOPMENT_TEAM = H739DB8DLW;
				DYLIB_COMPATIBILITY_VERSION = 1;
				DYLIB_CURRENT_VERSION = 1;
				DYLIB_INSTALL_NAME_BASE = "@rpath";
				ENABLE_MODULE_VERIFIER = YES;
				GENERATE_INFOPLIST_FILE = YES;
				INFOPLIST_KEY_NSHumanReadableCopyright = "";
				INSTALL_PATH = "$(LOCAL_LIBRARY_DIR)/Frameworks";
				IPHONEOS_DEPLOYMENT_TARGET = 18.6;
				LD_RUNPATH_SEARCH_PATHS = (
					"$(inherited)",
					"@executable_path/Frameworks",
					"@loader_path/Frameworks",
				);
				MARKETING_VERSION = 1.0;
				MODULE_VERIFIER_SUPPORTED_LANGUAGES = "objective-c objective-c++";
				MODULE_VERIFIER_SUPPORTED_LANGUAGE_STANDARDS = "gnu17 gnu++20";
				PRODUCT_BUNDLE_IDENTIFIER = com.Data;
				PRODUCT_NAME = "$(TARGET_NAME:c99extidentifier)";
				SDKROOT = iphoneos;
				SKIP_INSTALL = YES;
				STRING_CATALOG_GENERATE_SYMBOLS = YES;
				SWIFT_APPROACHABLE_CONCURRENCY = YES;
				SWIFT_EMIT_LOC_STRINGS = YES;
				SWIFT_INSTALL_MODULE = YES;
				SWIFT_INSTALL_OBJC_HEADER = NO;
				SWIFT_UPCOMING_FEATURE_MEMBER_IMPORT_VISIBILITY = YES;
				SWIFT_VERSION = 5.0;
				TARGETED_DEVICE_FAMILY = "1,2";
				VERSIONING_SYSTEM = "apple-generic";
				VERSION_INFO_PREFIX = "";
			};
			name = Debug;
		};
		0AD377A92FDAD70F00DE95CB /* Release */ = {
			isa = XCBuildConfiguration;
			buildSettings = {
				BUILD_LIBRARY_FOR_DISTRIBUTION = YES;
				CODE_SIGN_STYLE = Automatic;
				CURRENT_PROJECT_VERSION = 1;
				DEVELOPMENT_TEAM = H739DB8DLW;
				DYLIB_COMPATIBILITY_VERSION = 1;
				DYLIB_CURRENT_VERSION = 1;
				DYLIB_INSTALL_NAME_BASE = "@rpath";
				ENABLE_MODULE_VERIFIER = YES;
				GENERATE_INFOPLIST_FILE = YES;
				INFOPLIST_KEY_NSHumanReadableCopyright = "";
				INSTALL_PATH = "$(LOCAL_LIBRARY_DIR)/Frameworks";
				IPHONEOS_DEPLOYMENT_TARGET = 18.6;
				LD_RUNPATH_SEARCH_PATHS = (
					"$(inherited)",
					"@executable_path/Frameworks",
					"@loader_path/Frameworks",
				);
				MARKETING_VERSION = 1.0;
				MODULE_VERIFIER_SUPPORTED_LANGUAGES = "objective-c objective-c++";
				MODULE_VERIFIER_SUPPORTED_LANGUAGE_STANDARDS = "gnu17 gnu++20";
				PRODUCT_BUNDLE_IDENTIFIER = com.Data;
				PRODUCT_NAME = "$(TARGET_NAME:c99extidentifier)";
				SDKROOT = iphoneos;
				SKIP_INSTALL = YES;
				STRING_CATALOG_GENERATE_SYMBOLS = YES;
				SWIFT_APPROACHABLE_CONCURRENCY = YES;
				SWIFT_EMIT_LOC_STRINGS = YES;
				SWIFT_INSTALL_MODULE = YES;
				SWIFT_INSTALL_OBJC_HEADER = NO;
				SWIFT_UPCOMING_FEATURE_MEMBER_IMPORT_VISIBILITY = YES;
				SWIFT_VERSION = 5.0;
				TARGETED_DEVICE_FAMILY = "1,2";
				VALIDATE_PRODUCT = YES;
				VERSIONING_SYSTEM = "apple-generic";
				VERSION_INFO_PREFIX = "";
			};
			name = Release;
		};
		0AD377B82FDAD74500DE95CB /* Debug */ = {
			isa = XCBuildConfiguration;
			buildSettings = {
				BUILD_LIBRARY_FOR_DISTRIBUTION = YES;
				CODE_SIGN_STYLE = Automatic;
				CURRENT_PROJECT_VERSION = 1;
				DEVELOPMENT_TEAM = H739DB8DLW;
				DYLIB_COMPATIBILITY_VERSION = 1;
				DYLIB_CURRENT_VERSION = 1;
				DYLIB_INSTALL_NAME_BASE = "@rpath";
				ENABLE_MODULE_VERIFIER = YES;
				GENERATE_INFOPLIST_FILE = YES;
				INFOPLIST_KEY_NSHumanReadableCopyright = "";
				INSTALL_PATH = "$(LOCAL_LIBRARY_DIR)/Frameworks";
				IPHONEOS_DEPLOYMENT_TARGET = 18.6;
				LD_RUNPATH_SEARCH_PATHS = (
					"$(inherited)",
					"@executable_path/Frameworks",
					"@loader_path/Frameworks",
				);
				MARKETING_VERSION = 1.0;
				MODULE_VERIFIER_SUPPORTED_LANGUAGES = "objective-c objective-c++";
				MODULE_VERIFIER_SUPPORTED_LANGUAGE_STANDARDS = "gnu17 gnu++20";
				PRODUCT_BUNDLE_IDENTIFIER = com.API;
				PRODUCT_NAME = "$(TARGET_NAME:c99extidentifier)";
				SDKROOT = iphoneos;
				SKIP_INSTALL = YES;
				STRING_CATALOG_GENERATE_SYMBOLS = YES;
				SWIFT_APPROACHABLE_CONCURRENCY = YES;
				SWIFT_EMIT_LOC_STRINGS = YES;
				SWIFT_INSTALL_MODULE = YES;
				SWIFT_INSTALL_OBJC_HEADER = NO;
				SWIFT_UPCOMING_FEATURE_MEMBER_IMPORT_VISIBILITY = YES;
				SWIFT_VERSION = 5.0;
				TARGETED_DEVICE_FAMILY = "1,2";
				VERSIONING_SYSTEM = "apple-generic";
				VERSION_INFO_PREFIX = "";
			};
			name = Debug;
		};
		0AD377B92FDAD74500DE95CB /* Release */ = {
			isa = XCBuildConfiguration;
			buildSettings = {
				BUILD_LIBRARY_FOR_DISTRIBUTION = YES;
				CODE_SIGN_STYLE = Automatic;
				CURRENT_PROJECT_VERSION = 1;
				DEVELOPMENT_TEAM = H739DB8DLW;
				DYLIB_COMPATIBILITY_VERSION = 1;
				DYLIB_CURRENT_VERSION = 1;
				DYLIB_INSTALL_NAME_BASE = "@rpath";
				ENABLE_MODULE_VERIFIER = YES;
				GENERATE_INFOPLIST_FILE = YES;
				INFOPLIST_KEY_NSHumanReadableCopyright = "";
				INSTALL_PATH = "$(LOCAL_LIBRARY_DIR)/Frameworks";
				IPHONEOS_DEPLOYMENT_TARGET = 18.6;
				LD_RUNPATH_SEARCH_PATHS = (
					"$(inherited)",
					"@executable_path/Frameworks",
					"@loader_path/Frameworks",
				);
				MARKETING_VERSION = 1.0;
				MODULE_VERIFIER_SUPPORTED_LANGUAGES = "objective-c objective-c++";
				MODULE_VERIFIER_SUPPORTED_LANGUAGE_STANDARDS = "gnu17 gnu++20";
				PRODUCT_BUNDLE_IDENTIFIER = com.API;
				PRODUCT_NAME = "$(TARGET_NAME:c99extidentifier)";
				SDKROOT = iphoneos;
				SKIP_INSTALL = YES;
				STRING_CATALOG_GENERATE_SYMBOLS = YES;
				SWIFT_APPROACHABLE_CONCURRENCY = YES;
				SWIFT_EMIT_LOC_STRINGS = YES;
				SWIFT_INSTALL_MODULE = YES;
				SWIFT_INSTALL_OBJC_HEADER = NO;
				SWIFT_UPCOMING_FEATURE_MEMBER_IMPORT_VISIBILITY = YES;
				SWIFT_VERSION = 5.0;
				TARGETED_DEVICE_FAMILY = "1,2";
				VALIDATE_PRODUCT = YES;
				VERSIONING_SYSTEM = "apple-generic";
				VERSION_INFO_PREFIX = "";
			};
			name = Release;
		};
/* End XCBuildConfiguration section */

/* Begin XCConfigurationList section */
		0AC4B0C22FD944D70019997A /* Build configuration list for PBXProject "MoviesApp" */ = {
			isa = XCConfigurationList;
			buildConfigurations = (
				0AC4B0D02FD944D90019997A /* Debug */,
				0AC4B0D12FD944D90019997A /* Release */,
			);
			defaultConfigurationIsVisible = 0;
			defaultConfigurationName = Release;
		};
		0AC4B0D22FD944D90019997A /* Build configuration list for PBXNativeTarget "MoviesApp" */ = {
			isa = XCConfigurationList;
			buildConfigurations = (
				0AC4B0D32FD944D90019997A /* Debug */,
				0AC4B0D42FD944D90019997A /* Release */,
			);
			defaultConfigurationIsVisible = 0;
			defaultConfigurationName = Release;
		};
		0AD377862FDAD6EF00DE95CB /* Build configuration list for PBXNativeTarget "Presentation" */ = {
			isa = XCConfigurationList;
			buildConfigurations = (
				0AD377872FDAD6EF00DE95CB /* Debug */,
				0AD377882FDAD6EF00DE95CB /* Release */,
			);
			defaultConfigurationIsVisible = 0;
			defaultConfigurationName = Release;
		};
		0AD377972FDAD70100DE95CB /* Build configuration list for PBXNativeTarget "Domain" */ = {
			isa = XCConfigurationList;
			buildConfigurations = (
				0AD377982FDAD70100DE95CB /* Debug */,
				0AD377992FDAD70100DE95CB /* Release */,
			);
			defaultConfigurationIsVisible = 0;
			defaultConfigurationName = Release;
		};
		0AD377A72FDAD70F00DE95CB /* Build configuration list for PBXNativeTarget "Data" */ = {
			isa = XCConfigurationList;
			buildConfigurations = (
				0AD377A82FDAD70F00DE95CB /* Debug */,
				0AD377A92FDAD70F00DE95CB /* Release */,
			);
			defaultConfigurationIsVisible = 0;
			defaultConfigurationName = Release;
		};
		0AD377B72FDAD74500DE95CB /* Build configuration list for PBXNativeTarget "API" */ = {
			isa = XCConfigurationList;
			buildConfigurations = (
				0AD377B82FDAD74500DE95CB /* Debug */,
				0AD377B92FDAD74500DE95CB /* Release */,
			);
			defaultConfigurationIsVisible = 0;
			defaultConfigurationName = Release;
		};
/* End XCConfigurationList section */
	};
	rootObject = 0AC4B0BF2FD944D70019997A /* Project object */;
}
